
Microsoft Visual Studio Solution File, Format Version 12.00
# Visual Studio Version 16
VisualStudioVersion = 16.0.32630.194
MinimumVisualStudioVersion = 10.0.40219.1
Project("{FAE04EC0-301F-11D3-BF4B-00C04F79EFBC}") = "Mysite.Project.Website", "Mysite.Project.Website\Mysite.Project.Website.csproj", "{4E677F14-0BA3-45FD-A263-823BB95A2B0C}"
EndProject
Global
	GlobalSection(SolutionConfigurationPlatforms) = preSolution
		Debug|Any CPU = Debug|Any CPU
		Release|Any CPU = Release|Any CPU
	EndGlobalSection
	GlobalSection(ProjectConfigurationPlatforms) = postSolution
		{4E677F14-0BA3-45FD-A263-823BB95A2B0C}.Debug|Any CPU.ActiveCfg = Debug|Any CPU
		{4E677F14-0BA3-45FD-A263-823BB95A2B0C}.Debug|Any CPU.Build.0 = Debug|Any CPU
		{4E677F14-0BA3-45FD-A263-823BB95A2B0C}.Release|Any CPU.ActiveCfg = Release|Any CPU
		{4E677F14-0BA3-45FD-A263-823BB95A2B0C}.Release|Any CPU.Build.0 = Release|Any CPU
	EndGlobalSection
	GlobalSection(SolutionProperties) = preSolution
		HideSolutionNode = FALSE
	EndGlobalSection
	GlobalSection(ExtensibilityGlobals) = postSolution
		SolutionGuid = {B8FC7FB8-C32E-47F3-895D-AD683EF2073B}
	EndGlobalSection
EndGlobal
